
Microsoft Visual Studio Solution File, Format Version 12.00
Project("{FAE04EC0-301F-11D3-BF4B-00C04F79EFBC}") = "RxTelegram.Bot", "src\RxTelegram.Bot\RxTelegram.Bot.csproj", "{31DDB1D2-0DC7-46A7-A7DA-DC0F3E3F39D7}"
EndProject
Project("{FAE04EC0-301F-11D3-BF4B-00C04F79EFBC}") = "RxTelegram.Bot.UnitTests", "src\UnitTests\RxTelegram.Bot.UnitTests.csproj", "{8E388206-DE80-4CD2-8F45-22CB59775234}"
EndProject
Project("{2150E333-8FDC-42A3-9474-1A3956D46DE8}") = "SolutionItems", "SolutionItems", "{C465FA81-EB77-48CE-92A4-997327E1574E}"
ProjectSection(SolutionItems) = preProject
	README.md = README.md
	.editorconfig = .editorconfig
	.gitignore = .gitignore
	Directory.Build.props = Directory.Build.props
	icon.png = icon.png
	global.json = global.json
EndProjectSection
EndProject
Project("{2150E333-8FDC-42A3-9474-1A3956D46DE8}") = ".github", ".github", "{F47E60D1-54DB-48D1-81AC-6F30B4892C94}"
EndProject
Project("{2150E333-8FDC-42A3-9474-1A3956D46DE8}") = "workflows", "workflows", "{7EC73658-F5B4-457D-8435-7D2542AA2A84}"
ProjectSection(SolutionItems) = preProject
	.github\workflows\main.yml = .github\workflows\main.yml
	.github\workflows\publish.yml = .github\workflows\publish.yml
	.github\workflows\sonarqube.yml = .github\workflows\sonarqube.yml
EndProjectSection
EndProject
Global
	GlobalSection(SolutionConfigurationPlatforms) = preSolution
		Debug|Any CPU = Debug|Any CPU
		Release|Any CPU = Release|Any CPU
	EndGlobalSection
	GlobalSection(ProjectConfigurationPlatforms) = postSolution
		{31DDB1D2-0DC7-46A7-A7DA-DC0F3E3F39D7}.Debug|Any CPU.ActiveCfg = Debug|Any CPU
		{31DDB1D2-0DC7-46A7-A7DA-DC0F3E3F39D7}.Debug|Any CPU.Build.0 = Debug|Any CPU
		{31DDB1D2-0DC7-46A7-A7DA-DC0F3E3F39D7}.Release|Any CPU.ActiveCfg = Release|Any CPU
		{31DDB1D2-0DC7-46A7-A7DA-DC0F3E3F39D7}.Release|Any CPU.Build.0 = Release|Any CPU
		{8E388206-DE80-4CD2-8F45-22CB59775234}.Debug|Any CPU.ActiveCfg = Debug|Any CPU
		{8E388206-DE80-4CD2-8F45-22CB59775234}.Debug|Any CPU.Build.0 = Debug|Any CPU
		{8E388206-DE80-4CD2-8F45-22CB59775234}.Release|Any CPU.ActiveCfg = Release|Any CPU
		{8E388206-DE80-4CD2-8F45-22CB59775234}.Release|Any CPU.Build.0 = Release|Any CPU
	EndGlobalSection
	GlobalSection(NestedProjects) = preSolution
		{7EC73658-F5B4-457D-8435-7D2542AA2A84} = {F47E60D1-54DB-48D1-81AC-6F30B4892C94}
	EndGlobalSection
EndGlobal
