
Microsoft Visual Studio Solution File, Format Version 12.00
Project("{FAE04EC0-301F-11D3-BF4B-00C04F79EFBC}") = "TelegramInterface", "TelegramInterface\TelegramInterface.csproj", "{9CCA3FB0-1079-4560-AF2D-9C6E0B5B1CBC}"
EndProject
Project("{FAE04EC0-301F-11D3-BF4B-00C04F79EFBC}") = "Core", "Core\Core.csproj", "{C376FC5C-4CE4-4E54-8216-39143DE1A55B}"
EndProject
Project("{FAE04EC0-301F-11D3-BF4B-00C04F79EFBC}") = "UnitTests", "UnitTests\UnitTests.csproj", "{267D6A48-1E57-4ABD-8050-B540B6EF500E}"
EndProject
Global
	GlobalSection(SolutionConfigurationPlatforms) = preSolution
		Debug|Any CPU = Debug|Any CPU
		Release|Any CPU = Release|Any CPU
	EndGlobalSection
	GlobalSection(ProjectConfigurationPlatforms) = postSolution
		{9CCA3FB0-1079-4560-AF2D-9C6E0B5B1CBC}.Debug|Any CPU.ActiveCfg = Debug|Any CPU
		{9CCA3FB0-1079-4560-AF2D-9C6E0B5B1CBC}.Debug|Any CPU.Build.0 = Debug|Any CPU
		{9CCA3FB0-1079-4560-AF2D-9C6E0B5B1CBC}.Release|Any CPU.ActiveCfg = Release|Any CPU
		{9CCA3FB0-1079-4560-AF2D-9C6E0B5B1CBC}.Release|Any CPU.Build.0 = Release|Any CPU
		{C376FC5C-4CE4-4E54-8216-39143DE1A55B}.Debug|Any CPU.ActiveCfg = Debug|Any CPU
		{C376FC5C-4CE4-4E54-8216-39143DE1A55B}.Debug|Any CPU.Build.0 = Debug|Any CPU
		{C376FC5C-4CE4-4E54-8216-39143DE1A55B}.Release|Any CPU.ActiveCfg = Release|Any CPU
		{C376FC5C-4CE4-4E54-8216-39143DE1A55B}.Release|Any CPU.Build.0 = Release|Any CPU
		{267D6A48-1E57-4ABD-8050-B540B6EF500E}.Debug|Any CPU.ActiveCfg = Debug|Any CPU
		{267D6A48-1E57-4ABD-8050-B540B6EF500E}.Debug|Any CPU.Build.0 = Debug|Any CPU
		{267D6A48-1E57-4ABD-8050-B540B6EF500E}.Release|Any CPU.ActiveCfg = Release|Any CPU
		{267D6A48-1E57-4ABD-8050-B540B6EF500E}.Release|Any CPU.Build.0 = Release|Any CPU
	EndGlobalSection
EndGlobal
